
Microsoft Visual Studio Solution File, Format Version 12.00
# Visual Studio Version 17
VisualStudioVersion = 17.11.35327.3
MinimumVisualStudioVersion = 10.0.40219.1
Project("{FAE04EC0-301F-11D3-BF4B-00C04F79EFBC}") = "ScrappingPorn", "ScrappingPorn\ScrappingPorn.csproj", "{72A04078-9320-48BD-92B5-B744C53AC81E}"
EndProject
Global
	GlobalSection(SolutionConfigurationPlatforms) = preSolution
		Debug|Any CPU = Debug|Any CPU
		Release|Any CPU = Release|Any CPU
	EndGlobalSection
	GlobalSection(ProjectConfigurationPlatforms) = postSolution
		{72A04078-9320-48BD-92B5-B744C53AC81E}.Debug|Any CPU.ActiveCfg = Debug|Any CPU
		{72A04078-9320-48BD-92B5-B744C53AC81E}.Debug|Any CPU.Build.0 = Debug|Any CPU
		{72A04078-9320-48BD-92B5-B744C53AC81E}.Release|Any CPU.ActiveCfg = Release|Any CPU
		{72A04078-9320-48BD-92B5-B744C53AC81E}.Release|Any CPU.Build.0 = Release|Any CPU
	EndGlobalSection
	GlobalSection(SolutionProperties) = preSolution
		HideSolutionNode = FALSE
	EndGlobalSection
	GlobalSection(ExtensibilityGlobals) = postSolution
		SolutionGuid = {C53B389D-DB81-4D0B-8FA8-7F905D3AA588}
	EndGlobalSection
EndGlobal
